// !$*UTF8*$!
{
	archiveVersion = 1;
	classes = {
	};
	objectVersion = 46;
	objects = {

/* Begin PBXBuildFile section */
		2F6084CA91C3AE704A1A7B8F /* Pods_RetrieverLeague.framework in Frameworks */ = {isa = PBXBuildFile; fileRef = DDA7052A9289B5544CE64D97 /* Pods_RetrieverLeague.framework */; };
		65E7D880686417F96782ED95 /* Pods_RetrieverLeagueUITests.framework in Frameworks */ = {isa = PBXBuildFile; fileRef = E6E19F866E3A161642914F55 /* Pods_RetrieverLeagueUITests.framework */; };
		869F5E941669FEF2ECCE41D8 /* Pods_RetrieverLeagueTests.framework in Frameworks */ = {isa = PBXBuildFile; fileRef = 5F3EE155B3A35A63BC88D60E /* Pods_RetrieverLeagueTests.framework */; };
		F72650771F1E10C7006AE5B1 /* HomeViewController.swift in Sources */ = {isa = PBXBuildFile; fileRef = F72650761F1E10C7006AE5B1 /* HomeViewController.swift */; };
		F72650791F1E2EFC006AE5B1 /* BaseViewController.swift in Sources */ = {isa = PBXBuildFile; fileRef = F72650781F1E2EFC006AE5B1 /* BaseViewController.swift */; };
		F726507B1F1E2F4F006AE5B1 /* UIColor+Colors.swift in Sources */ = {isa = PBXBuildFile; fileRef = F726507A1F1E2F4F006AE5B1 /* UIColor+Colors.swift */; };
		F726507D1F1E3123006AE5B1 /* MoreInfoViewController.swift in Sources */ = {isa = PBXBuildFile; fileRef = F726507C1F1E3123006AE5B1 /* MoreInfoViewController.swift */; };
		F74351861F3AC89900697FDA /* TasksService.swift in Sources */ = {isa = PBXBuildFile; fileRef = F74351851F3AC89900697FDA /* TasksService.swift */; };
		F74351881F3AC9B200697FDA /* Task.swift in Sources */ = {isa = PBXBuildFile; fileRef = F74351871F3AC9B200697FDA /* Task.swift */; };
		F743518A1F3ACA6A00697FDA /* DogTask.swift in Sources */ = {isa = PBXBuildFile; fileRef = F74351891F3ACA6A00697FDA /* DogTask.swift */; };
		F77529E61F1EB514002BA7A7 /* HomePageViewController.swift in Sources */ = {isa = PBXBuildFile; fileRef = F77529E51F1EB514002BA7A7 /* HomePageViewController.swift */; };
		F77529E81F1EB581002BA7A7 /* ContactViewController.swift in Sources */ = {isa = PBXBuildFile; fileRef = F77529E71F1EB581002BA7A7 /* ContactViewController.swift */; };
		F77529EC1F1EB9AC002BA7A7 /* ContestsViewController.swift in Sources */ = {isa = PBXBuildFile; fileRef = F77529EB1F1EB9AC002BA7A7 /* ContestsViewController.swift */; };
		F77529EE1F1EBA10002BA7A7 /* ContestsService.swift in Sources */ = {isa = PBXBuildFile; fileRef = F77529ED1F1EBA10002BA7A7 /* ContestsService.swift */; };
		F77529F21F1EBA69002BA7A7 /* Contest.swift in Sources */ = {isa = PBXBuildFile; fileRef = F77529F11F1EBA69002BA7A7 /* Contest.swift */; };
		F77529F61F1EC1E3002BA7A7 /* ContestTableViewCell.swift in Sources */ = {isa = PBXBuildFile; fileRef = F77529F51F1EC1E3002BA7A7 /* ContestTableViewCell.swift */; };
		F77E42581F560D470048AB51 /* StatisticsViewController.swift in Sources */ = {isa = PBXBuildFile; fileRef = F77E42571F560D470048AB51 /* StatisticsViewController.swift */; };
		F77E425A1F5621FD0048AB51 /* Scalar.swift in Sources */ = {isa = PBXBuildFile; fileRef = F77E42591F5621FD0048AB51 /* Scalar.swift */; };
		F7A9B3DD1F1DEF650090EC3F /* AppDelegate.swift in Sources */ = {isa = PBXBuildFile; fileRef = F7A9B3DC1F1DEF650090EC3F /* AppDelegate.swift */; };
		F7A9B3E21F1DEF650090EC3F /* Main.storyboard in Resources */ = {isa = PBXBuildFile; fileRef = F7A9B3E01F1DEF650090EC3F /* Main.storyboard */; };
		F7A9B3E41F1DEF650090EC3F /* Assets.xcassets in Resources */ = {isa = PBXBuildFile; fileRef = F7A9B3E31F1DEF650090EC3F /* Assets.xcassets */; };
		F7A9B3E71F1DEF650090EC3F /* LaunchScreen.storyboard in Resources */ = {isa = PBXBuildFile; fileRef = F7A9B3E51F1DEF650090EC3F /* LaunchScreen.storyboard */; };
		F7A9B3F21F1DEF650090EC3F /* RetrieverLeagueTests.swift in Sources */ = {isa = PBXBuildFile; fileRef = F7A9B3F11F1DEF650090EC3F /* RetrieverLeagueTests.swift */; };
		F7A9B3FD1F1DEF650090EC3F /* RetrieverLeagueUITests.swift in Sources */ = {isa = PBXBuildFile; fileRef = F7A9B3FC1F1DEF650090EC3F /* RetrieverLeagueUITests.swift */; };
		F7A9B40C1F1DF2480090EC3F /* BaseService.swift in Sources */ = {isa = PBXBuildFile; fileRef = F7A9B40B1F1DF2480090EC3F /* BaseService.swift */; };
		F7A9B40E1F1DF3AA0090EC3F /* Constants.swift in Sources */ = {isa = PBXBuildFile; fileRef = F7A9B40D1F1DF3AA0090EC3F /* Constants.swift */; };
		F7A9B4101F1DF4B30090EC3F /* DogsService.swift in Sources */ = {isa = PBXBuildFile; fileRef = F7A9B40F1F1DF4B30090EC3F /* DogsService.swift */; };
		F7A9B4121F1DF78E0090EC3F /* Dog.swift in Sources */ = {isa = PBXBuildFile; fileRef = F7A9B4111F1DF78E0090EC3F /* Dog.swift */; };
		F7D8DAEA1F27EB8400911F6E /* ContestDogTableViewCell.swift in Sources */ = {isa = PBXBuildFile; fileRef = F7D8DAE91F27EB8400911F6E /* ContestDogTableViewCell.swift */; };
		F7D8DAEE1F27FD1600911F6E /* Date+String.swift in Sources */ = {isa = PBXBuildFile; fileRef = F7D8DAED1F27FD1600911F6E /* Date+String.swift */; };
		F7D8DAF21F27FF3700911F6E /* LeagueHelper.swift in Sources */ = {isa = PBXBuildFile; fileRef = F7D8DAF11F27FF3700911F6E /* LeagueHelper.swift */; };
		F7E1740D1F269FA500A01134 /* ContestViewController.swift in Sources */ = {isa = PBXBuildFile; fileRef = F7E1740C1F269FA500A01134 /* ContestViewController.swift */; };
		F7ECD2AD1F41516F0053A8C3 /* TestResultCollectionViewCell.swift in Sources */ = {isa = PBXBuildFile; fileRef = F7ECD2AC1F41516F0053A8C3 /* TestResultCollectionViewCell.swift */; };
/* End PBXBuildFile section */

/* Begin PBXContainerItemProxy section */
		F7A9B3EE1F1DEF650090EC3F /* PBXContainerItemProxy */ = {
			isa = PBXContainerItemProxy;
			containerPortal = F7A9B3D11F1DEF650090EC3F /* Project object */;
			proxyType = 1;
			remoteGlobalIDString = F7A9B3D81F1DEF650090EC3F;
			remoteInfo = RetrieverLeague;
		};
		F7A9B3F91F1DEF650090EC3F /* PBXContainerItemProxy */ = {
			isa = PBXContainerItemProxy;
			containerPortal = F7A9B3D11F1DEF650090EC3F /* Project object */;
			proxyType = 1;
			remoteGlobalIDString = F7A9B3D81F1DEF650090EC3F;
			remoteInfo = RetrieverLeague;
		};
/* End PBXContainerItemProxy section */

/* Begin PBXFileReference section */
		1529D3B386070212EC08CCF6 /* Pods-RetrieverLeague.debug.xcconfig */ = {isa = PBXFileReference; includeInIndex = 1; lastKnownFileType = text.xcconfig; name = "Pods-RetrieverLeague.debug.xcconfig"; path = "Pods/Target Support Files/Pods-RetrieverLeague/Pods-RetrieverLeague.debug.xcconfig"; sourceTree = "<group>"; };
		58FD8817784039CE997BC5DA /* Pods-RetrieverLeagueTests.debug.xcconfig */ = {isa = PBXFileReference; includeInIndex = 1; lastKnownFileType = text.xcconfig; name = "Pods-RetrieverLeagueTests.debug.xcconfig"; path = "Pods/Target Support Files/Pods-RetrieverLeagueTests/Pods-RetrieverLeagueTests.debug.xcconfig"; sourceTree = "<group>"; };
		5F3EE155B3A35A63BC88D60E /* Pods_RetrieverLeagueTests.framework */ = {isa = PBXFileReference; explicitFileType = wrapper.framework; includeInIndex = 0; path = Pods_RetrieverLeagueTests.framework; sourceTree = BUILT_PRODUCTS_DIR; };
		7B73946F68BBCA712D0CD7F7 /* Pods-RetrieverLeagueUITests.debug.xcconfig */ = {isa = PBXFileReference; includeInIndex = 1; lastKnownFileType = text.xcconfig; name = "Pods-RetrieverLeagueUITests.debug.xcconfig"; path = "Pods/Target Support Files/Pods-RetrieverLeagueUITests/Pods-RetrieverLeagueUITests.debug.xcconfig"; sourceTree = "<group>"; };
		98AF25C531571AEB19A7D0A2 /* Pods-RetrieverLeagueUITests.release.xcconfig */ = {isa = PBXFileReference; includeInIndex = 1; lastKnownFileType = text.xcconfig; name = "Pods-RetrieverLeagueUITests.release.xcconfig"; path = "Pods/Target Support Files/Pods-RetrieverLeagueUITests/Pods-RetrieverLeagueUITests.release.xcconfig"; sourceTree = "<group>"; };
		A9FD0CC26F148F05B8621F44 /* Pods-RetrieverLeague.release.xcconfig */ = {isa = PBXFileReference; includeInIndex = 1; lastKnownFileType = text.xcconfig; name = "Pods-RetrieverLeague.release.xcconfig"; path = "Pods/Target Support Files/Pods-RetrieverLeague/Pods-RetrieverLeague.release.xcconfig"; sourceTree = "<group>"; };
		DDA7052A9289B5544CE64D97 /* Pods_RetrieverLeague.framework */ = {isa = PBXFileReference; explicitFileType = wrapper.framework; includeInIndex = 0; path = Pods_RetrieverLeague.framework; sourceTree = BUILT_PRODUCTS_DIR; };
		E34472A31FEF00C6CB2D4441 /* Pods-RetrieverLeagueTests.release.xcconfig */ = {isa = PBXFileReference; includeInIndex = 1; lastKnownFileType = text.xcconfig; name = "Pods-RetrieverLeagueTests.release.xcconfig"; path = "Pods/Target Support Files/Pods-RetrieverLeagueTests/Pods-RetrieverLeagueTests.release.xcconfig"; sourceTree = "<group>"; };
		E6E19F866E3A161642914F55 /* Pods_RetrieverLeagueUITests.framework */ = {isa = PBXFileReference; explicitFileType = wrapper.framework; includeInIndex = 0; path = Pods_RetrieverLeagueUITests.framework; sourceTree = BUILT_PRODUCTS_DIR; };
		F72650761F1E10C7006AE5B1 /* HomeViewController.swift */ = {isa = PBXFileReference; fileEncoding = 4; lastKnownFileType = sourcecode.swift; path = HomeViewController.swift; sourceTree = "<group>"; };
		F72650781F1E2EFC006AE5B1 /* BaseViewController.swift */ = {isa = PBXFileReference; fileEncoding = 4; lastKnownFileType = sourcecode.swift; path = BaseViewController.swift; sourceTree = "<group>"; };
		F726507A1F1E2F4F006AE5B1 /* UIColor+Colors.swift */ = {isa = PBXFileReference; fileEncoding = 4; lastKnownFileType = sourcecode.swift; path = "UIColor+Colors.swift"; sourceTree = "<group>"; };
		F726507C1F1E3123006AE5B1 /* MoreInfoViewController.swift */ = {isa = PBXFileReference; fileEncoding = 4; lastKnownFileType = sourcecode.swift; path = MoreInfoViewController.swift; sourceTree = "<group>"; };
		F74351851F3AC89900697FDA /* TasksService.swift */ = {isa = PBXFileReference; fileEncoding = 4; lastKnownFileType = sourcecode.swift; path = TasksService.swift; sourceTree = "<group>"; };
		F74351871F3AC9B200697FDA /* Task.swift */ = {isa = PBXFileReference; fileEncoding = 4; lastKnownFileType = sourcecode.swift; path = Task.swift; sourceTree = "<group>"; };
		F74351891F3ACA6A00697FDA /* DogTask.swift */ = {isa = PBXFileReference; fileEncoding = 4; lastKnownFileType = sourcecode.swift; path = DogTask.swift; sourceTree = "<group>"; };
		F77529E51F1EB514002BA7A7 /* HomePageViewController.swift */ = {isa = PBXFileReference; fileEncoding = 4; lastKnownFileType = sourcecode.swift; path = HomePageViewController.swift; sourceTree = "<group>"; };
		F77529E71F1EB581002BA7A7 /* ContactViewController.swift */ = {isa = PBXFileReference; fileEncoding = 4; lastKnownFileType = sourcecode.swift; path = ContactViewController.swift; sourceTree = "<group>"; };
		F77529EB1F1EB9AC002BA7A7 /* ContestsViewController.swift */ = {isa = PBXFileReference; fileEncoding = 4; lastKnownFileType = sourcecode.swift; path = ContestsViewController.swift; sourceTree = "<group>"; };
		F77529ED1F1EBA10002BA7A7 /* ContestsService.swift */ = {isa = PBXFileReference; fileEncoding = 4; lastKnownFileType = sourcecode.swift; path = ContestsService.swift; sourceTree = "<group>"; };
		F77529F11F1EBA69002BA7A7 /* Contest.swift */ = {isa = PBXFileReference; fileEncoding = 4; lastKnownFileType = sourcecode.swift; path = Contest.swift; sourceTree = "<group>"; };
		F77529F51F1EC1E3002BA7A7 /* ContestTableViewCell.swift */ = {isa = PBXFileReference; fileEncoding = 4; lastKnownFileType = sourcecode.swift; path = ContestTableViewCell.swift; sourceTree = "<group>"; };
		F77E42571F560D470048AB51 /* StatisticsViewController.swift */ = {isa = PBXFileReference; fileEncoding = 4; lastKnownFileType = sourcecode.swift; path = StatisticsViewController.swift; sourceTree = "<group>"; };
		F77E42591F5621FD0048AB51 /* Scalar.swift */ = {isa = PBXFileReference; fileEncoding = 4; lastKnownFileType = sourcecode.swift; path = Scalar.swift; sourceTree = "<group>"; };
		F7A9B3D91F1DEF650090EC3F /* RetrieverLeague.app */ = {isa = PBXFileReference; explicitFileType = wrapper.application; includeInIndex = 0; path = RetrieverLeague.app; sourceTree = BUILT_PRODUCTS_DIR; };
		F7A9B3DC1F1DEF650090EC3F /* AppDelegate.swift */ = {isa = PBXFileReference; lastKnownFileType = sourcecode.swift; path = AppDelegate.swift; sourceTree = "<group>"; };
		F7A9B3E11F1DEF650090EC3F /* Base */ = {isa = PBXFileReference; lastKnownFileType = file.storyboard; name = Base; path = Base.lproj/Main.storyboard; sourceTree = "<group>"; };
		F7A9B3E31F1DEF650090EC3F /* Assets.xcassets */ = {isa = PBXFileReference; lastKnownFileType = folder.assetcatalog; path = Assets.xcassets; sourceTree = "<group>"; };
		F7A9B3E61F1DEF650090EC3F /* Base */ = {isa = PBXFileReference; lastKnownFileType = file.storyboard; name = Base; path = Base.lproj/LaunchScreen.storyboard; sourceTree = "<group>"; };
		F7A9B3E81F1DEF650090EC3F /* Info.plist */ = {isa = PBXFileReference; lastKnownFileType = text.plist.xml; path = Info.plist; sourceTree = "<group>"; };
		F7A9B3ED1F1DEF650090EC3F /* RetrieverLeagueTests.xctest */ = {isa = PBXFileReference; explicitFileType = wrapper.cfbundle; includeInIndex = 0; path = RetrieverLeagueTests.xctest; sourceTree = BUILT_PRODUCTS_DIR; };
		F7A9B3F11F1DEF650090EC3F /* RetrieverLeagueTests.swift */ = {isa = PBXFileReference; lastKnownFileType = sourcecode.swift; path = RetrieverLeagueTests.swift; sourceTree = "<group>"; };
		F7A9B3F31F1DEF650090EC3F /* Info.plist */ = {isa = PBXFileReference; lastKnownFileType = text.plist.xml; path = Info.plist; sourceTree = "<group>"; };
		F7A9B3F81F1DEF650090EC3F /* RetrieverLeagueUITests.xctest */ = {isa = PBXFileReference; explicitFileType = wrapper.cfbundle; includeInIndex = 0; path = RetrieverLeagueUITests.xctest; sourceTree = BUILT_PRODUCTS_DIR; };
		F7A9B3FC1F1DEF650090EC3F /* RetrieverLeagueUITests.swift */ = {isa = PBXFileReference; lastKnownFileType = sourcecode.swift; path = RetrieverLeagueUITests.swift; sourceTree = "<group>"; };
		F7A9B3FE1F1DEF650090EC3F /* Info.plist */ = {isa = PBXFileReference; lastKnownFileType = text.plist.xml; path = Info.plist; sourceTree = "<group>"; };
		F7A9B40B1F1DF2480090EC3F /* BaseService.swift */ = {isa = PBXFileReference; fileEncoding = 4; lastKnownFileType = sourcecode.swift; path = BaseService.swift; sourceTree = "<group>"; };
		F7A9B40D1F1DF3AA0090EC3F /* Constants.swift */ = {isa = PBXFileReference; fileEncoding = 4; lastKnownFileType = sourcecode.swift; path = Constants.swift; sourceTree = "<group>"; };
		F7A9B40F1F1DF4B30090EC3F /* DogsService.swift */ = {isa = PBXFileReference; fileEncoding = 4; lastKnownFileType = sourcecode.swift; path = DogsService.swift; sourceTree = "<group>"; };
		F7A9B4111F1DF78E0090EC3F /* Dog.swift */ = {isa = PBXFileReference; fileEncoding = 4; lastKnownFileType = sourcecode.swift; path = Dog.swift; sourceTree = "<group>"; };
		F7D8DAE91F27EB8400911F6E /* ContestDogTableViewCell.swift */ = {isa = PBXFileReference; fileEncoding = 4; lastKnownFileType = sourcecode.swift; path = ContestDogTableViewCell.swift; sourceTree = "<group>"; };
		F7D8DAED1F27FD1600911F6E /* Date+String.swift */ = {isa = PBXFileReference; fileEncoding = 4; lastKnownFileType = sourcecode.swift; path = "Date+String.swift"; sourceTree = "<group>"; };
		F7D8DAF11F27FF3700911F6E /* LeagueHelper.swift */ = {isa = PBXFileReference; fileEncoding = 4; lastKnownFileType = sourcecode.swift; path = LeagueHelper.swift; sourceTree = "<group>"; };
		F7E1740C1F269FA500A01134 /* ContestViewController.swift */ = {isa = PBXFileReference; fileEncoding = 4; lastKnownFileType = sourcecode.swift; path = ContestViewController.swift; sourceTree = "<group>"; };
		F7ECD2AC1F41516F0053A8C3 /* TestResultCollectionViewCell.swift */ = {isa = PBXFileReference; fileEncoding = 4; lastKnownFileType = sourcecode.swift; path = TestResultCollectionViewCell.swift; sourceTree = "<group>"; };
/* End PBXFileReference section */

/* Begin PBXFrameworksBuildPhase section */
		F7A9B3D61F1DEF650090EC3F /* Frameworks */ = {
			isa = PBXFrameworksBuildPhase;
			buildActionMask = 2147483647;
			files = (
				2F6084CA91C3AE704A1A7B8F /* Pods_RetrieverLeague.framework in Frameworks */,
			);
			runOnlyForDeploymentPostprocessing = 0;
		};
		F7A9B3EA1F1DEF650090EC3F /* Frameworks */ = {
			isa = PBXFrameworksBuildPhase;
			buildActionMask = 2147483647;
			files = (
				869F5E941669FEF2ECCE41D8 /* Pods_RetrieverLeagueTests.framework in Frameworks */,
			);
			runOnlyForDeploymentPostprocessing = 0;
		};
		F7A9B3F51F1DEF650090EC3F /* Frameworks */ = {
			isa = PBXFrameworksBuildPhase;
			buildActionMask = 2147483647;
			files = (
				65E7D880686417F96782ED95 /* Pods_RetrieverLeagueUITests.framework in Frameworks */,
			);
			runOnlyForDeploymentPostprocessing = 0;
		};
/* End PBXFrameworksBuildPhase section */

/* Begin PBXGroup section */
		1DEB704AE8D6D4B557D6408A /* Frameworks */ = {
			isa = PBXGroup;
			children = (
				DDA7052A9289B5544CE64D97 /* Pods_RetrieverLeague.framework */,
				5F3EE155B3A35A63BC88D60E /* Pods_RetrieverLeagueTests.framework */,
				E6E19F866E3A161642914F55 /* Pods_RetrieverLeagueUITests.framework */,
			);
			name = Frameworks;
			sourceTree = "<group>";
		};
		74C131703CFA348279D8DC98 /* Pods */ = {
			isa = PBXGroup;
			children = (
				1529D3B386070212EC08CCF6 /* Pods-RetrieverLeague.debug.xcconfig */,
				A9FD0CC26F148F05B8621F44 /* Pods-RetrieverLeague.release.xcconfig */,
				58FD8817784039CE997BC5DA /* Pods-RetrieverLeagueTests.debug.xcconfig */,
				E34472A31FEF00C6CB2D4441 /* Pods-RetrieverLeagueTests.release.xcconfig */,
				7B73946F68BBCA712D0CD7F7 /* Pods-RetrieverLeagueUITests.debug.xcconfig */,
				98AF25C531571AEB19A7D0A2 /* Pods-RetrieverLeagueUITests.release.xcconfig */,
			);
			name = Pods;
			sourceTree = "<group>";
		};
		F72650751F1E10A1006AE5B1 /* ViewControllers */ = {
			isa = PBXGroup;
			children = (
				F72650761F1E10C7006AE5B1 /* HomeViewController.swift */,
				F72650781F1E2EFC006AE5B1 /* BaseViewController.swift */,
				F726507C1F1E3123006AE5B1 /* MoreInfoViewController.swift */,
				F77529E51F1EB514002BA7A7 /* HomePageViewController.swift */,
				F77529E71F1EB581002BA7A7 /* ContactViewController.swift */,
				F77529EB1F1EB9AC002BA7A7 /* ContestsViewController.swift */,
				F7E1740C1F269FA500A01134 /* ContestViewController.swift */,
				F77E42571F560D470048AB51 /* StatisticsViewController.swift */,
			);
			name = ViewControllers;
			sourceTree = "<group>";
		};
		F77529F31F1EC1CA002BA7A7 /* Views */ = {
			isa = PBXGroup;
			children = (
				F77529F41F1EC1D0002BA7A7 /* Cells */,
			);
			name = Views;
			sourceTree = "<group>";
		};
		F77529F41F1EC1D0002BA7A7 /* Cells */ = {
			isa = PBXGroup;
			children = (
				F77529F51F1EC1E3002BA7A7 /* ContestTableViewCell.swift */,
				F7D8DAE91F27EB8400911F6E /* ContestDogTableViewCell.swift */,
				F7ECD2AC1F41516F0053A8C3 /* TestResultCollectionViewCell.swift */,
			);
			name = Cells;
			sourceTree = "<group>";
		};
		F7A9B3D01F1DEF650090EC3F = {
			isa = PBXGroup;
			children = (
				F7A9B3DB1F1DEF650090EC3F /* RetrieverLeague */,
				F7A9B3F01F1DEF650090EC3F /* RetrieverLeagueTests */,
				F7A9B3FB1F1DEF650090EC3F /* RetrieverLeagueUITests */,
				F7A9B3DA1F1DEF650090EC3F /* Products */,
				74C131703CFA348279D8DC98 /* Pods */,
				1DEB704AE8D6D4B557D6408A /* Frameworks */,
			);
			sourceTree = "<group>";
		};
		F7A9B3DA1F1DEF650090EC3F /* Products */ = {
			isa = PBXGroup;
			children = (
				F7A9B3D91F1DEF650090EC3F /* RetrieverLeague.app */,
				F7A9B3ED1F1DEF650090EC3F /* RetrieverLeagueTests.xctest */,
				F7A9B3F81F1DEF650090EC3F /* RetrieverLeagueUITests.xctest */,
			);
			name = Products;
			sourceTree = "<group>";
		};
		F7A9B3DB1F1DEF650090EC3F /* RetrieverLeague */ = {
			isa = PBXGroup;
			children = (
				F7D8DAF01F27FF2D00911F6E /* Helpers */,
				F7D8DAEF1F27FD1C00911F6E /* Extensions */,
				F77529F31F1EC1CA002BA7A7 /* Views */,
				F72650751F1E10A1006AE5B1 /* ViewControllers */,
				F7A9B4131F1DF7920090EC3F /* Model */,
				F7A9B40A1F1DF2360090EC3F /* API */,
				F7A9B3DC1F1DEF650090EC3F /* AppDelegate.swift */,
				F7A9B3E01F1DEF650090EC3F /* Main.storyboard */,
				F7A9B3E31F1DEF650090EC3F /* Assets.xcassets */,
				F7A9B3E51F1DEF650090EC3F /* LaunchScreen.storyboard */,
				F7A9B3E81F1DEF650090EC3F /* Info.plist */,
				F7A9B40D1F1DF3AA0090EC3F /* Constants.swift */,
			);
			path = RetrieverLeague;
			sourceTree = "<group>";
		};
		F7A9B3F01F1DEF650090EC3F /* RetrieverLeagueTests */ = {
			isa = PBXGroup;
			children = (
				F7A9B3F11F1DEF650090EC3F /* RetrieverLeagueTests.swift */,
				F7A9B3F31F1DEF650090EC3F /* Info.plist */,
			);
			path = RetrieverLeagueTests;
			sourceTree = "<group>";
		};
		F7A9B3FB1F1DEF650090EC3F /* RetrieverLeagueUITests */ = {
			isa = PBXGroup;
			children = (
				F7A9B3FC1F1DEF650090EC3F /* RetrieverLeagueUITests.swift */,
				F7A9B3FE1F1DEF650090EC3F /* Info.plist */,
			);
			path = RetrieverLeagueUITests;
			sourceTree = "<group>";
		};
		F7A9B40A1F1DF2360090EC3F /* API */ = {
			isa = PBXGroup;
			children = (
				F7A9B40B1F1DF2480090EC3F /* BaseService.swift */,
				F7A9B40F1F1DF4B30090EC3F /* DogsService.swift */,
				F77529ED1F1EBA10002BA7A7 /* ContestsService.swift */,
				F74351851F3AC89900697FDA /* TasksService.swift */,
			);
			name = API;
			sourceTree = "<group>";
		};
		F7A9B4131F1DF7920090EC3F /* Model */ = {
			isa = PBXGroup;
			children = (
				F7A9B4111F1DF78E0090EC3F /* Dog.swift */,
				F77529F11F1EBA69002BA7A7 /* Contest.swift */,
				F77E42591F5621FD0048AB51 /* Scalar.swift */,
				F74351871F3AC9B200697FDA /* Task.swift */,
				F74351891F3ACA6A00697FDA /* DogTask.swift */,
			);
			name = Model;
			sourceTree = "<group>";
		};
		F7D8DAEF1F27FD1C00911F6E /* Extensions */ = {
			isa = PBXGroup;
			children = (
				F726507A1F1E2F4F006AE5B1 /* UIColor+Colors.swift */,
				F7D8DAED1F27FD1600911F6E /* Date+String.swift */,
			);
			name = Extensions;
			sourceTree = "<group>";
		};
		F7D8DAF01F27FF2D00911F6E /* Helpers */ = {
			isa = PBXGroup;
			children = (
				F7D8DAF11F27FF3700911F6E /* LeagueHelper.swift */,
			);
			name = Helpers;
			sourceTree = "<group>";
		};
/* End PBXGroup section */

/* Begin PBXNativeTarget section */
		F7A9B3D81F1DEF650090EC3F /* RetrieverLeague */ = {
			isa = PBXNativeTarget;
			buildConfigurationList = F7A9B4011F1DEF650090EC3F /* Build configuration list for PBXNativeTarget "RetrieverLeague" */;
			buildPhases = (
				FE775EFCFE39EE0411AE9F21 /* [CP] Check Pods Manifest.lock */,
				F7A9B3D51F1DEF650090EC3F /* Sources */,
				F7A9B3D61F1DEF650090EC3F /* Frameworks */,
				F7A9B3D71F1DEF650090EC3F /* Resources */,
				D64CE31ADB4E910BF9BFEEB2 /* [CP] Embed Pods Frameworks */,
				755B0CF994F017050E9797A6 /* [CP] Copy Pods Resources */,
			);
			buildRules = (
			);
			dependencies = (
			);
			name = RetrieverLeague;
			productName = RetrieverLeague;
			productReference = F7A9B3D91F1DEF650090EC3F /* RetrieverLeague.app */;
			productType = "com.apple.product-type.application";
		};
		F7A9B3EC1F1DEF650090EC3F /* RetrieverLeagueTests */ = {
			isa = PBXNativeTarget;
			buildConfigurationList = F7A9B4041F1DEF650090EC3F /* Build configuration list for PBXNativeTarget "RetrieverLeagueTests" */;
			buildPhases = (
				DC6168AFC296CC8BA6698872 /* [CP] Check Pods Manifest.lock */,
				F7A9B3E91F1DEF650090EC3F /* Sources */,
				F7A9B3EA1F1DEF650090EC3F /* Frameworks */,
				F7A9B3EB1F1DEF650090EC3F /* Resources */,
				EA0ACC2920A74A7A19A4C469 /* [CP] Embed Pods Frameworks */,
				F7E98F457A562D66E800F93B /* [CP] Copy Pods Resources */,
			);
			buildRules = (
			);
			dependencies = (
				F7A9B3EF1F1DEF650090EC3F /* PBXTargetDependency */,
			);
			name = RetrieverLeagueTests;
			productName = RetrieverLeagueTests;
			productReference = F7A9B3ED1F1DEF650090EC3F /* RetrieverLeagueTests.xctest */;
			productType = "com.apple.product-type.bundle.unit-test";
		};
		F7A9B3F71F1DEF650090EC3F /* RetrieverLeagueUITests */ = {
			isa = PBXNativeTarget;
			buildConfigurationList = F7A9B4071F1DEF650090EC3F /* Build configuration list for PBXNativeTarget "RetrieverLeagueUITests" */;
			buildPhases = (
				0FE930549208F5431F819403 /* [CP] Check Pods Manifest.lock */,
				F7A9B3F41F1DEF650090EC3F /* Sources */,
				F7A9B3F51F1DEF650090EC3F /* Frameworks */,
				F7A9B3F61F1DEF650090EC3F /* Resources */,
				ECA8263995F12F53EA983337 /* [CP] Embed Pods Frameworks */,
				50EE9320DA31A9178AA02DB3 /* [CP] Copy Pods Resources */,
			);
			buildRules = (
			);
			dependencies = (
				F7A9B3FA1F1DEF650090EC3F /* PBXTargetDependency */,
			);
			name = RetrieverLeagueUITests;
			productName = RetrieverLeagueUITests;
			productReference = F7A9B3F81F1DEF650090EC3F /* RetrieverLeagueUITests.xctest */;
			productType = "com.apple.product-type.bundle.ui-testing";
		};
/* End PBXNativeTarget section */

/* Begin PBXProject section */
		F7A9B3D11F1DEF650090EC3F /* Project object */ = {
			isa = PBXProject;
			attributes = {
				LastSwiftUpdateCheck = 0830;
				LastUpgradeCheck = 0900;
				ORGANIZATIONNAME = "Uros Zivaljevic";
				TargetAttributes = {
					F7A9B3D81F1DEF650090EC3F = {
						CreatedOnToolsVersion = 8.3.3;
						LastSwiftMigration = 0900;
						ProvisioningStyle = Automatic;
					};
					F7A9B3EC1F1DEF650090EC3F = {
						CreatedOnToolsVersion = 8.3.3;
						LastSwiftMigration = 0900;
						ProvisioningStyle = Automatic;
						TestTargetID = F7A9B3D81F1DEF650090EC3F;
					};
					F7A9B3F71F1DEF650090EC3F = {
						CreatedOnToolsVersion = 8.3.3;
						LastSwiftMigration = 0900;
						ProvisioningStyle = Automatic;
						TestTargetID = F7A9B3D81F1DEF650090EC3F;
					};
				};
			};
			buildConfigurationList = F7A9B3D41F1DEF650090EC3F /* Build configuration list for PBXProject "RetrieverLeague" */;
			compatibilityVersion = "Xcode 3.2";
			developmentRegion = English;
			hasScannedForEncodings = 0;
			knownRegions = (
				en,
				Base,
			);
			mainGroup = F7A9B3D01F1DEF650090EC3F;
			productRefGroup = F7A9B3DA1F1DEF650090EC3F /* Products */;
			projectDirPath = "";
			projectRoot = "";
			targets = (
				F7A9B3D81F1DEF650090EC3F /* RetrieverLeague */,
				F7A9B3EC1F1DEF650090EC3F /* RetrieverLeagueTests */,
				F7A9B3F71F1DEF650090EC3F /* RetrieverLeagueUITests */,
			);
		};
/* End PBXProject section */

/* Begin PBXResourcesBuildPhase section */
		F7A9B3D71F1DEF650090EC3F /* Resources */ = {
			isa = PBXResourcesBuildPhase;
			buildActionMask = 2147483647;
			files = (
				F7A9B3E71F1DEF650090EC3F /* LaunchScreen.storyboard in Resources */,
				F7A9B3E41F1DEF650090EC3F /* Assets.xcassets in Resources */,
				F7A9B3E21F1DEF650090EC3F /* Main.storyboard in Resources */,
			);
			runOnlyForDeploymentPostprocessing = 0;
		};
		F7A9B3EB1F1DEF650090EC3F /* Resources */ = {
			isa = PBXResourcesBuildPhase;
			buildActionMask = 2147483647;
			files = (
			);
			runOnlyForDeploymentPostprocessing = 0;
		};
		F7A9B3F61F1DEF650090EC3F /* Resources */ = {
			isa = PBXResourcesBuildPhase;
			buildActionMask = 2147483647;
			files = (
			);
			runOnlyForDeploymentPostprocessing = 0;
		};
/* End PBXResourcesBuildPhase section */

/* Begin PBXShellScriptBuildPhase section */
		0FE930549208F5431F819403 /* [CP] Check Pods Manifest.lock */ = {
			isa = PBXShellScriptBuildPhase;
			buildActionMask = 2147483647;
			files = (
			);
			inputPaths = (
			);
			name = "[CP] Check Pods Manifest.lock";
			outputPaths = (
			);
			runOnlyForDeploymentPostprocessing = 0;
			shellPath = /bin/sh;
			shellScript = "diff \"${PODS_ROOT}/../Podfile.lock\" \"${PODS_ROOT}/Manifest.lock\" > /dev/null\nif [ $? != 0 ] ; then\n    # print error to STDERR\n    echo \"error: The sandbox is not in sync with the Podfile.lock. Run 'pod install' or update your CocoaPods installation.\" >&2\n    exit 1\nfi\n";
			showEnvVarsInLog = 0;
		};
		50EE9320DA31A9178AA02DB3 /* [CP] Copy Pods Resources */ = {
			isa = PBXShellScriptBuildPhase;
			buildActionMask = 2147483647;
			files = (
			);
			inputPaths = (
			);
			name = "[CP] Copy Pods Resources";
			outputPaths = (
			);
			runOnlyForDeploymentPostprocessing = 0;
			shellPath = /bin/sh;
			shellScript = "\"${SRCROOT}/Pods/Target Support Files/Pods-RetrieverLeagueUITests/Pods-RetrieverLeagueUITests-resources.sh\"\n";
			showEnvVarsInLog = 0;
		};
		755B0CF994F017050E9797A6 /* [CP] Copy Pods Resources */ = {
			isa = PBXShellScriptBuildPhase;
			buildActionMask = 2147483647;
			files = (
			);
			inputPaths = (
			);
			name = "[CP] Copy Pods Resources";
			outputPaths = (
			);
			runOnlyForDeploymentPostprocessing = 0;
			shellPath = /bin/sh;
			shellScript = "\"${SRCROOT}/Pods/Target Support Files/Pods-RetrieverLeague/Pods-RetrieverLeague-resources.sh\"\n";
			showEnvVarsInLog = 0;
		};
		D64CE31ADB4E910BF9BFEEB2 /* [CP] Embed Pods Frameworks */ = {
			isa = PBXShellScriptBuildPhase;
			buildActionMask = 2147483647;
			files = (
			);
			inputPaths = (
			);
			name = "[CP] Embed Pods Frameworks";
			outputPaths = (
			);
			runOnlyForDeploymentPostprocessing = 0;
			shellPath = /bin/sh;
			shellScript = "\"${SRCROOT}/Pods/Target Support Files/Pods-RetrieverLeague/Pods-RetrieverLeague-frameworks.sh\"\n";
			showEnvVarsInLog = 0;
		};
		DC6168AFC296CC8BA6698872 /* [CP] Check Pods Manifest.lock */ = {
			isa = PBXShellScriptBuildPhase;
			buildActionMask = 2147483647;
			files = (
			);
			inputPaths = (
			);
			name = "[CP] Check Pods Manifest.lock";
			outputPaths = (
			);
			runOnlyForDeploymentPostprocessing = 0;
			shellPath = /bin/sh;
			shellScript = "diff \"${PODS_ROOT}/../Podfile.lock\" \"${PODS_ROOT}/Manifest.lock\" > /dev/null\nif [ $? != 0 ] ; then\n    # print error to STDERR\n    echo \"error: The sandbox is not in sync with the Podfile.lock. Run 'pod install' or update your CocoaPods installation.\" >&2\n    exit 1\nfi\n";
			showEnvVarsInLog = 0;
		};
		EA0ACC2920A74A7A19A4C469 /* [CP] Embed Pods Frameworks */ = {
			isa = PBXShellScriptBuildPhase;
			buildActionMask = 2147483647;
			files = (
			);
			inputPaths = (
			);
			name = "[CP] Embed Pods Frameworks";
			outputPaths = (
			);
			runOnlyForDeploymentPostprocessing = 0;
			shellPath = /bin/sh;
			shellScript = "\"${SRCROOT}/Pods/Target Support Files/Pods-RetrieverLeagueTests/Pods-RetrieverLeagueTests-frameworks.sh\"\n";
			showEnvVarsInLog = 0;
		};
		ECA8263995F12F53EA983337 /* [CP] Embed Pods Frameworks */ = {
			isa = PBXShellScriptBuildPhase;
			buildActionMask = 2147483647;
			files = (
			);
			inputPaths = (
			);
			name = "[CP] Embed Pods Frameworks";
			outputPaths = (
			);
			runOnlyForDeploymentPostprocessing = 0;
			shellPath = /bin/sh;
			shellScript = "\"${SRCROOT}/Pods/Target Support Files/Pods-RetrieverLeagueUITests/Pods-RetrieverLeagueUITests-frameworks.sh\"\n";
			showEnvVarsInLog = 0;
		};
		F7E98F457A562D66E800F93B /* [CP] Copy Pods Resources */ = {
			isa = PBXShellScriptBuildPhase;
			buildActionMask = 2147483647;
			files = (
			);
			inputPaths = (
			);
			name = "[CP] Copy Pods Resources";
			outputPaths = (
			);
			runOnlyForDeploymentPostprocessing = 0;
			shellPath = /bin/sh;
			shellScript = "\"${SRCROOT}/Pods/Target Support Files/Pods-RetrieverLeagueTests/Pods-RetrieverLeagueTests-resources.sh\"\n";
			showEnvVarsInLog = 0;
		};
		FE775EFCFE39EE0411AE9F21 /* [CP] Check Pods Manifest.lock */ = {
			isa = PBXShellScriptBuildPhase;
			buildActionMask = 2147483647;
			files = (
			);
			inputPaths = (
			);
			name = "[CP] Check Pods Manifest.lock";
			outputPaths = (
			);
			runOnlyForDeploymentPostprocessing = 0;
			shellPath = /bin/sh;
			shellScript = "diff \"${PODS_ROOT}/../Podfile.lock\" \"${PODS_ROOT}/Manifest.lock\" > /dev/null\nif [ $? != 0 ] ; then\n    # print error to STDERR\n    echo \"error: The sandbox is not in sync with the Podfile.lock. Run 'pod install' or update your CocoaPods installation.\" >&2\n    exit 1\nfi\n";
			showEnvVarsInLog = 0;
		};
/* End PBXShellScriptBuildPhase section */

/* Begin PBXSourcesBuildPhase section */
		F7A9B3D51F1DEF650090EC3F /* Sources */ = {
			isa = PBXSourcesBuildPhase;
			buildActionMask = 2147483647;
			files = (
				F7A9B4101F1DF4B30090EC3F /* DogsService.swift in Sources */,
				F7D8DAEE1F27FD1600911F6E /* Date+String.swift in Sources */,
				F726507B1F1E2F4F006AE5B1 /* UIColor+Colors.swift in Sources */,
				F7A9B4121F1DF78E0090EC3F /* Dog.swift in Sources */,
				F74351881F3AC9B200697FDA /* Task.swift in Sources */,
				F7A9B3DD1F1DEF650090EC3F /* AppDelegate.swift in Sources */,
				F7A9B40C1F1DF2480090EC3F /* BaseService.swift in Sources */,
				F77E42581F560D470048AB51 /* StatisticsViewController.swift in Sources */,
				F7E1740D1F269FA500A01134 /* ContestViewController.swift in Sources */,
				F77529EC1F1EB9AC002BA7A7 /* ContestsViewController.swift in Sources */,
				F72650771F1E10C7006AE5B1 /* HomeViewController.swift in Sources */,
				F743518A1F3ACA6A00697FDA /* DogTask.swift in Sources */,
				F77529F61F1EC1E3002BA7A7 /* ContestTableViewCell.swift in Sources */,
				F7D8DAEA1F27EB8400911F6E /* ContestDogTableViewCell.swift in Sources */,
				F77529EE1F1EBA10002BA7A7 /* ContestsService.swift in Sources */,
				F77529E81F1EB581002BA7A7 /* ContactViewController.swift in Sources */,
				F726507D1F1E3123006AE5B1 /* MoreInfoViewController.swift in Sources */,
				F72650791F1E2EFC006AE5B1 /* BaseViewController.swift in Sources */,
				F77529E61F1EB514002BA7A7 /* HomePageViewController.swift in Sources */,
				F7D8DAF21F27FF3700911F6E /* LeagueHelper.swift in Sources */,
				F77529F21F1EBA69002BA7A7 /* Contest.swift in Sources */,
				F77E425A1F5621FD0048AB51 /* Scalar.swift in Sources */,
				F74351861F3AC89900697FDA /* TasksService.swift in Sources */,
				F7A9B40E1F1DF3AA0090EC3F /* Constants.swift in Sources */,
				F7ECD2AD1F41516F0053A8C3 /* TestResultCollectionViewCell.swift in Sources */,
			);
			runOnlyForDeploymentPostprocessing = 0;
		};
		F7A9B3E91F1DEF650090EC3F /* Sources */ = {
			isa = PBXSourcesBuildPhase;
			buildActionMask = 2147483647;
			files = (
				F7A9B3F21F1DEF650090EC3F /* RetrieverLeagueTests.swift in Sources */,
			);
			runOnlyForDeploymentPostprocessing = 0;
		};
		F7A9B3F41F1DEF650090EC3F /* Sources */ = {
			isa = PBXSourcesBuildPhase;
			buildActionMask = 2147483647;
			files = (
				F7A9B3FD1F1DEF650090EC3F /* RetrieverLeagueUITests.swift in Sources */,
			);
			runOnlyForDeploymentPostprocessing = 0;
		};
/* End PBXSourcesBuildPhase section */

/* Begin PBXTargetDependency section */
		F7A9B3EF1F1DEF650090EC3F /* PBXTargetDependency */ = {
			isa = PBXTargetDependency;
			target = F7A9B3D81F1DEF650090EC3F /* RetrieverLeague */;
			targetProxy = F7A9B3EE1F1DEF650090EC3F /* PBXContainerItemProxy */;
		};
		F7A9B3FA1F1DEF650090EC3F /* PBXTargetDependency */ = {
			isa = PBXTargetDependency;
			target = F7A9B3D81F1DEF650090EC3F /* RetrieverLeague */;
			targetProxy = F7A9B3F91F1DEF650090EC3F /* PBXContainerItemProxy */;
		};
/* End PBXTargetDependency section */

/* Begin PBXVariantGroup section */
		F7A9B3E01F1DEF650090EC3F /* Main.storyboard */ = {
			isa = PBXVariantGroup;
			children = (
				F7A9B3E11F1DEF650090EC3F /* Base */,
			);
			name = Main.storyboard;
			sourceTree = "<group>";
		};
		F7A9B3E51F1DEF650090EC3F /* LaunchScreen.storyboard */ = {
			isa = PBXVariantGroup;
			children = (
				F7A9B3E61F1DEF650090EC3F /* Base */,
			);
			name = LaunchScreen.storyboard;
			sourceTree = "<group>";
		};
/* End PBXVariantGroup section */

/* Begin XCBuildConfiguration section */
		F7A9B3FF1F1DEF650090EC3F /* Debug */ = {
			isa = XCBuildConfiguration;
			buildSettings = {
				ALWAYS_SEARCH_USER_PATHS = NO;
				CLANG_ANALYZER_NONNULL = YES;
				CLANG_ANALYZER_NUMBER_OBJECT_CONVERSION = YES_AGGRESSIVE;
				CLANG_CXX_LANGUAGE_STANDARD = "gnu++0x";
				CLANG_CXX_LIBRARY = "libc++";
				CLANG_ENABLE_MODULES = YES;
				CLANG_ENABLE_OBJC_ARC = YES;
				CLANG_WARN_BLOCK_CAPTURE_AUTORELEASING = YES;
				CLANG_WARN_BOOL_CONVERSION = YES;
				CLANG_WARN_COMMA = YES;
				CLANG_WARN_CONSTANT_CONVERSION = YES;
				CLANG_WARN_DIRECT_OBJC_ISA_USAGE = YES_ERROR;
				CLANG_WARN_DOCUMENTATION_COMMENTS = YES;
				CLANG_WARN_EMPTY_BODY = YES;
				CLANG_WARN_ENUM_CONVERSION = YES;
				CLANG_WARN_INFINITE_RECURSION = YES;
				CLANG_WARN_INT_CONVERSION = YES;
				CLANG_WARN_NON_LITERAL_NULL_CONVERSION = YES;
				CLANG_WARN_OBJC_LITERAL_CONVERSION = YES;
				CLANG_WARN_OBJC_ROOT_CLASS = YES_ERROR;
				CLANG_WARN_RANGE_LOOP_ANALYSIS = YES;
				CLANG_WARN_STRICT_PROTOTYPES = YES;
				CLANG_WARN_SUSPICIOUS_MOVE = YES;
				CLANG_WARN_UNREACHABLE_CODE = YES;
				CLANG_WARN__DUPLICATE_METHOD_MATCH = YES;
				"CODE_SIGN_IDENTITY[sdk=iphoneos*]" = "iPhone Developer";
				COPY_PHASE_STRIP = NO;
				DEBUG_INFORMATION_FORMAT = dwarf;
				ENABLE_STRICT_OBJC_MSGSEND = YES;
				ENABLE_TESTABILITY = YES;
				GCC_C_LANGUAGE_STANDARD = gnu99;
				GCC_DYNAMIC_NO_PIC = NO;
				GCC_NO_COMMON_BLOCKS = YES;
				GCC_OPTIMIZATION_LEVEL = 0;
				GCC_PREPROCESSOR_DEFINITIONS = (
					"DEBUG=1",
					"$(inherited)",
				);
				GCC_WARN_64_TO_32_BIT_CONVERSION = YES;
				GCC_WARN_ABOUT_RETURN_TYPE = YES_ERROR;
				GCC_WARN_UNDECLARED_SELECTOR = YES;
				GCC_WARN_UNINITIALIZED_AUTOS = YES_AGGRESSIVE;
				GCC_WARN_UNUSED_FUNCTION = YES;
				GCC_WARN_UNUSED_VARIABLE = YES;
				IPHONEOS_DEPLOYMENT_TARGET = 10.3;
				MTL_ENABLE_DEBUG_INFO = YES;
				ONLY_ACTIVE_ARCH = YES;
				SDKROOT = iphoneos;
				SWIFT_ACTIVE_COMPILATION_CONDITIONS = DEBUG;
				SWIFT_OPTIMIZATION_LEVEL = "-Onone";
				TARGETED_DEVICE_FAMILY = "1,2";
			};
			name = Debug;
		};
		F7A9B4001F1DEF650090EC3F /* Release */ = {
			isa = XCBuildConfiguration;
			buildSettings = {
				ALWAYS_SEARCH_USER_PATHS = NO;
				CLANG_ANALYZER_NONNULL = YES;
				CLANG_ANALYZER_NUMBER_OBJECT_CONVERSION = YES_AGGRESSIVE;
				CLANG_CXX_LANGUAGE_STANDARD = "gnu++0x";
				CLANG_CXX_LIBRARY = "libc++";
				CLANG_ENABLE_MODULES = YES;
				CLANG_ENABLE_OBJC_ARC = YES;
				CLANG_WARN_BLOCK_CAPTURE_AUTORELEASING = YES;
				CLANG_WARN_BOOL_CONVERSION = YES;
				CLANG_WARN_COMMA = YES;
				CLANG_WARN_CONSTANT_CONVERSION = YES;
				CLANG_WARN_DIRECT_OBJC_ISA_USAGE = YES_ERROR;
				CLANG_WARN_DOCUMENTATION_COMMENTS = YES;
				CLANG_WARN_EMPTY_BODY = YES;
				CLANG_WARN_ENUM_CONVERSION = YES;
				CLANG_WARN_INFINITE_RECURSION = YES;
				CLANG_WARN_INT_CONVERSION = YES;
				CLANG_WARN_NON_LITERAL_NULL_CONVERSION = YES;
				CLANG_WARN_OBJC_LITERAL_CONVERSION = YES;
				CLANG_WARN_OBJC_ROOT_CLASS = YES_ERROR;
				CLANG_WARN_RANGE_LOOP_ANALYSIS = YES;
				CLANG_WARN_STRICT_PROTOTYPES = YES;
				CLANG_WARN_SUSPICIOUS_MOVE = YES;
				CLANG_WARN_UNREACHABLE_CODE = YES;
				CLANG_WARN__DUPLICATE_METHOD_MATCH = YES;
				"CODE_SIGN_IDENTITY[sdk=iphoneos*]" = "iPhone Developer";
				COPY_PHASE_STRIP = NO;
				DEBUG_INFORMATION_FORMAT = "dwarf-with-dsym";
				ENABLE_NS_ASSERTIONS = NO;
				ENABLE_STRICT_OBJC_MSGSEND = YES;
				GCC_C_LANGUAGE_STANDARD = gnu99;
				GCC_NO_COMMON_BLOCKS = YES;
				GCC_WARN_64_TO_32_BIT_CONVERSION = YES;
				GCC_WARN_ABOUT_RETURN_TYPE = YES_ERROR;
				GCC_WARN_UNDECLARED_SELECTOR = YES;
				GCC_WARN_UNINITIALIZED_AUTOS = YES_AGGRESSIVE;
				GCC_WARN_UNUSED_FUNCTION = YES;
				GCC_WARN_UNUSED_VARIABLE = YES;
				IPHONEOS_DEPLOYMENT_TARGET = 10.3;
				MTL_ENABLE_DEBUG_INFO = NO;
				SDKROOT = iphoneos;
				SWIFT_OPTIMIZATION_LEVEL = "-Owholemodule";
				TARGETED_DEVICE_FAMILY = "1,2";
				VALIDATE_PRODUCT = YES;
			};
			name = Release;
		};
		F7A9B4021F1DEF650090EC3F /* Debug */ = {
			isa = XCBuildConfiguration;
			baseConfigurationReference = 1529D3B386070212EC08CCF6 /* Pods-RetrieverLeague.debug.xcconfig */;
			buildSettings = {
				ASSETCATALOG_COMPILER_APPICON_NAME = AppIcon;
				INFOPLIST_FILE = RetrieverLeague/Info.plist;
				LD_RUNPATH_SEARCH_PATHS = "$(inherited) @executable_path/Frameworks";
				PRODUCT_BUNDLE_IDENTIFIER = com.UrosZivaljevic.RetrieverLeague;
				PRODUCT_NAME = "$(TARGET_NAME)";
				SWIFT_SWIFT3_OBJC_INFERENCE = On;
				SWIFT_VERSION = 4.0;
			};
			name = Debug;
		};
		F7A9B4031F1DEF650090EC3F /* Release */ = {
			isa = XCBuildConfiguration;
			baseConfigurationReference = A9FD0CC26F148F05B8621F44 /* Pods-RetrieverLeague.release.xcconfig */;
			buildSettings = {
				ASSETCATALOG_COMPILER_APPICON_NAME = AppIcon;
				INFOPLIST_FILE = RetrieverLeague/Info.plist;
				LD_RUNPATH_SEARCH_PATHS = "$(inherited) @executable_path/Frameworks";
				PRODUCT_BUNDLE_IDENTIFIER = com.UrosZivaljevic.RetrieverLeague;
				PRODUCT_NAME = "$(TARGET_NAME)";
				SWIFT_SWIFT3_OBJC_INFERENCE = On;
				SWIFT_VERSION = 4.0;
			};
			name = Release;
		};
		F7A9B4051F1DEF650090EC3F /* Debug */ = {
			isa = XCBuildConfiguration;
			baseConfigurationReference = 58FD8817784039CE997BC5DA /* Pods-RetrieverLeagueTests.debug.xcconfig */;
			buildSettings = {
				ALWAYS_EMBED_SWIFT_STANDARD_LIBRARIES = YES;
				BUNDLE_LOADER = "$(TEST_HOST)";
				INFOPLIST_FILE = RetrieverLeagueTests/Info.plist;
				LD_RUNPATH_SEARCH_PATHS = "$(inherited) @executable_path/Frameworks @loader_path/Frameworks";
				PRODUCT_BUNDLE_IDENTIFIER = com.UrosZivaljevic.RetrieverLeagueTests;
				PRODUCT_NAME = "$(TARGET_NAME)";
				SWIFT_SWIFT3_OBJC_INFERENCE = On;
				SWIFT_VERSION = 4.0;
				TEST_HOST = "$(BUILT_PRODUCTS_DIR)/RetrieverLeague.app/RetrieverLeague";
			};
			name = Debug;
		};
		F7A9B4061F1DEF650090EC3F /* Release */ = {
			isa = XCBuildConfiguration;
			baseConfigurationReference = E34472A31FEF00C6CB2D4441 /* Pods-RetrieverLeagueTests.release.xcconfig */;
			buildSettings = {
				ALWAYS_EMBED_SWIFT_STANDARD_LIBRARIES = YES;
				BUNDLE_LOADER = "$(TEST_HOST)";
				INFOPLIST_FILE = RetrieverLeagueTests/Info.plist;
				LD_RUNPATH_SEARCH_PATHS = "$(inherited) @executable_path/Frameworks @loader_path/Frameworks";
				PRODUCT_BUNDLE_IDENTIFIER = com.UrosZivaljevic.RetrieverLeagueTests;
				PRODUCT_NAME = "$(TARGET_NAME)";
				SWIFT_SWIFT3_OBJC_INFERENCE = On;
				SWIFT_VERSION = 4.0;
				TEST_HOST = "$(BUILT_PRODUCTS_DIR)/RetrieverLeague.app/RetrieverLeague";
			};
			name = Release;
		};
		F7A9B4081F1DEF650090EC3F /* Debug */ = {
			isa = XCBuildConfiguration;
			baseConfigurationReference = 7B73946F68BBCA712D0CD7F7 /* Pods-RetrieverLeagueUITests.debug.xcconfig */;
			buildSettings = {
				ALWAYS_EMBED_SWIFT_STANDARD_LIBRARIES = YES;
				INFOPLIST_FILE = RetrieverLeagueUITests/Info.plist;
				LD_RUNPATH_SEARCH_PATHS = "$(inherited) @executable_path/Frameworks @loader_path/Frameworks";
				PRODUCT_BUNDLE_IDENTIFIER = com.UrosZivaljevic.RetrieverLeagueUITests;
				PRODUCT_NAME = "$(TARGET_NAME)";
				SWIFT_SWIFT3_OBJC_INFERENCE = On;
				SWIFT_VERSION = 4.0;
				TEST_TARGET_NAME = RetrieverLeague;
			};
			name = Debug;
		};
		F7A9B4091F1DEF650090EC3F /* Release */ = {
			isa = XCBuildConfiguration;
			baseConfigurationReference = 98AF25C531571AEB19A7D0A2 /* Pods-RetrieverLeagueUITests.release.xcconfig */;
			buildSettings = {
				ALWAYS_EMBED_SWIFT_STANDARD_LIBRARIES = YES;
				INFOPLIST_FILE = RetrieverLeagueUITests/Info.plist;
				LD_RUNPATH_SEARCH_PATHS = "$(inherited) @executable_path/Frameworks @loader_path/Frameworks";
				PRODUCT_BUNDLE_IDENTIFIER = com.UrosZivaljevic.RetrieverLeagueUITests;
				PRODUCT_NAME = "$(TARGET_NAME)";
				SWIFT_SWIFT3_OBJC_INFERENCE = On;
				SWIFT_VERSION = 4.0;
				TEST_TARGET_NAME = RetrieverLeague;
			};
			name = Release;
		};
/* End XCBuildConfiguration section */

/* Begin XCConfigurationList section */
		F7A9B3D41F1DEF650090EC3F /* Build configuration list for PBXProject "RetrieverLeague" */ = {
			isa = XCConfigurationList;
			buildConfigurations = (
				F7A9B3FF1F1DEF650090EC3F /* Debug */,
				F7A9B4001F1DEF650090EC3F /* Release */,
			);
			defaultConfigurationIsVisible = 0;
			defaultConfigurationName = Release;
		};
		F7A9B4011F1DEF650090EC3F /* Build configuration list for PBXNativeTarget "RetrieverLeague" */ = {
			isa = XCConfigurationList;
			buildConfigurations = (
				F7A9B4021F1DEF650090EC3F /* Debug */,
				F7A9B4031F1DEF650090EC3F /* Release */,
			);
			defaultConfigurationIsVisible = 0;
			defaultConfigurationName = Release;
		};
		F7A9B4041F1DEF650090EC3F /* Build configuration list for PBXNativeTarget "RetrieverLeagueTests" */ = {
			isa = XCConfigurationList;
			buildConfigurations = (
				F7A9B4051F1DEF650090EC3F /* Debug */,
				F7A9B4061F1DEF650090EC3F /* Release */,
			);
			defaultConfigurationIsVisible = 0;
			defaultConfigurationName = Release;
		};
		F7A9B4071F1DEF650090EC3F /* Build configuration list for PBXNativeTarget "RetrieverLeagueUITests" */ = {
			isa = XCConfigurationList;
			buildConfigurations = (
				F7A9B4081F1DEF650090EC3F /* Debug */,
				F7A9B4091F1DEF650090EC3F /* Release */,
			);
			defaultConfigurationIsVisible = 0;
			defaultConfigurationName = Release;
		};
/* End XCConfigurationList section */
	};
	rootObject = F7A9B3D11F1DEF650090EC3F /* Project object */;
}
